
Microsoft Visual Studio Solution File, Format Version 12.00
# Visual Studio 15
VisualStudioVersion = 15.0.27703.2000
MinimumVisualStudioVersion = 10.0.40219.1
Project("{FAE04EC0-301F-11D3-BF4B-00C04F79EFBC}") = "OnTrak", "OnTrak\OnTrak.csproj", "{0D6028FE-14C0-45D0-B741-3E6D08C50E95}"
EndProject
Global
	GlobalSection(SolutionConfigurationPlatforms) = preSolution
		Debug|Any CPU = Debug|Any CPU
		Release|Any CPU = Release|Any CPU
	EndGlobalSection
	GlobalSection(ProjectConfigurationPlatforms) = postSolution
		{0D6028FE-14C0-45D0-B741-3E6D08C50E95}.Debug|Any CPU.ActiveCfg = Debug|Any CPU
		{0D6028FE-14C0-45D0-B741-3E6D08C50E95}.Debug|Any CPU.Build.0 = Debug|Any CPU
		{0D6028FE-14C0-45D0-B741-3E6D08C50E95}.Release|Any CPU.ActiveCfg = Release|Any CPU
		{0D6028FE-14C0-45D0-B741-3E6D08C50E95}.Release|Any CPU.Build.0 = Release|Any CPU
	EndGlobalSection
	GlobalSection(SolutionProperties) = preSolution
		HideSolutionNode = FALSE
	EndGlobalSection
	GlobalSection(ExtensibilityGlobals) = postSolution
		SolutionGuid = {67DE5A49-13F2-4F8A-A8B4-54ED8A67D860}
	EndGlobalSection
EndGlobal
